
Microsoft Visual Studio Solution File, Format Version 12.00
# Visual Studio Version 16
VisualStudioVersion = 16.0.29609.76
MinimumVisualStudioVersion = 10.0.40219.1
Project("{FAE04EC0-301F-11D3-BF4B-00C04F79EFBC}") = "CandyOnlineShopping", "CandyOnlineShopping\CandyOnlineShopping.csproj", "{A834F840-D569-46EA-BC61-1C4E23005F07}"
EndProject
Global
	GlobalSection(SolutionConfigurationPlatforms) = preSolution
		Debug|Any CPU = Debug|Any CPU
		Release|Any CPU = Release|Any CPU
	EndGlobalSection
	GlobalSection(ProjectConfigurationPlatforms) = postSolution
		{A834F840-D569-46EA-BC61-1C4E23005F07}.Debug|Any CPU.ActiveCfg = Debug|Any CPU
		{A834F840-D569-46EA-BC61-1C4E23005F07}.Debug|Any CPU.Build.0 = Debug|Any CPU
		{A834F840-D569-46EA-BC61-1C4E23005F07}.Release|Any CPU.ActiveCfg = Release|Any CPU
		{A834F840-D569-46EA-BC61-1C4E23005F07}.Release|Any CPU.Build.0 = Release|Any CPU
	EndGlobalSection
	GlobalSection(SolutionProperties) = preSolution
		HideSolutionNode = FALSE
	EndGlobalSection
	GlobalSection(ExtensibilityGlobals) = postSolution
		SolutionGuid = {3E57B05B-0DBE-4CF4-B4E8-B126B0C15681}
	EndGlobalSection
EndGlobal
